
Microsoft Visual Studio Solution File, Format Version 12.00
# Visual Studio 15
VisualStudioVersion = 15.0.27130.2003
MinimumVisualStudioVersion = 10.0.40219.1
Project("{FAE04EC0-301F-11D3-BF4B-00C04F79EFBC}") = "AutoDef", "AutoDef\AutoDef.csproj", "{E6A72193-F424-4133-973D-942C660A71BB}"
EndProject
Global
	GlobalSection(SolutionConfigurationPlatforms) = preSolution
		Debug|Any CPU = Debug|Any CPU
		Release|Any CPU = Release|Any CPU
	EndGlobalSection
	GlobalSection(ProjectConfigurationPlatforms) = postSolution
		{E6A72193-F424-4133-973D-942C660A71BB}.Debug|Any CPU.ActiveCfg = Debug|Any CPU
		{E6A72193-F424-4133-973D-942C660A71BB}.Debug|Any CPU.Build.0 = Debug|Any CPU
		{E6A72193-F424-4133-973D-942C660A71BB}.Release|Any CPU.ActiveCfg = Release|Any CPU
		{E6A72193-F424-4133-973D-942C660A71BB}.Release|Any CPU.Build.0 = Release|Any CPU
	EndGlobalSection
	GlobalSection(SolutionProperties) = preSolution
		HideSolutionNode = FALSE
	EndGlobalSection
	GlobalSection(ExtensibilityGlobals) = postSolution
		SolutionGuid = {448631F1-4517-4EC8-BE6D-6545661FF6EC}
	EndGlobalSection
EndGlobal
